<?xml version="1.0" encoding="utf-8"?>
<Project ToolsVersion="4.0" xmlns="http://schemas.microsoft.com/developer/msbuild/2003">
  <ItemGroup>
    <ClCompile Include="Framework.cpp" />
    <ClCompile Include="Renders\Context.cpp">
      <Filter>Renders</Filter>
    </ClCompile>
    <ClCompile Include="Renders\Shader.cpp">
      <Filter>Renders</Filter>
    </ClCompile>
    <ClCompile Include="Renders\Texture.cpp">
      <Filter>Renders</Filter>
    </ClCompile>
    <ClCompile Include="Systems\D3D.cpp">
      <Filter>Systems</Filter>
    </ClCompile>
    <ClCompile Include="Systems\Gui.cpp">
      <Filter>Systems</Filter>
    </ClCompile>
    <ClCompile Include="Systems\Keyboard.cpp">
      <Filter>Systems</Filter>
    </ClCompile>
    <ClCompile Include="Systems\Mouse.cpp">
      <Filter>Systems</Filter>
    </ClCompile>
    <ClCompile Include="Systems\Time.cpp">
      <Filter>Systems</Filter>
    </ClCompile>
    <ClCompile Include="Systems\Window.cpp">
      <Filter>Systems</Filter>
    </ClCompile>
    <ClCompile Include="Utilities\Math.cpp">
      <Filter>Utilities</Filter>
    </ClCompile>
    <ClCompile Include="Utilities\Path.cpp">
      <Filter>Utilities</Filter>
    </ClCompile>
    <ClCompile Include="Utilities\String.cpp">
      <Filter>Utilities</Filter>
    </ClCompile>
    <ClCompile Include="Utilities\Xml.cpp">
      <Filter>Utilities</Filter>
    </ClCompile>
    <ClCompile Include="Utilities\BinaryFile.cpp">
      <Filter>Utilities</Filter>
    </ClCompile>
    <ClCompile Include="Viewer\Orthographic.cpp">
      <Filter>Viewer</Filter>
    </ClCompile>
    <ClCompile Include="Viewer\Perspective.cpp">
      <Filter>Viewer</Filter>
    </ClCompile>
    <ClCompile Include="Viewer\Projection.cpp">
      <Filter>Viewer</Filter>
    </ClCompile>
    <ClCompile Include="Viewer\Viewport.cpp">
      <Filter>Viewer</Filter>
    </ClCompile>
    <ClCompile Include="Viewer\Camera.cpp">
      <Filter>Viewer</Filter>
    </ClCompile>
    <ClCompile Include="Viewer\Freedom.cpp">
      <Filter>Viewer</Filter>
    </ClCompile>
    <ClCompile Include="Environment\Terrain.cpp">
      <Filter>Environment</Filter>
    </ClCompile>
    <ClCompile Include="Renders\DebugLine.cpp">
      <Filter>Renders</Filter>
    </ClCompile>
    <ClCompile Include="Meshes\Mesh.cpp">
      <Filter>Meshes</Filter>
    </ClCompile>
    <ClCompile Include="Meshes\MeshQuad.cpp">
      <Filter>Meshes</Filter>
    </ClCompile>
    <ClCompile Include="Meshes\MeshPlane.cpp">
      <Filter>Meshes</Filter>
    </ClCompile>
    <ClCompile Include="Meshes\MeshCube.cpp">
      <Filter>Meshes</Filter>
    </ClCompile>
    <ClCompile Include="Meshes\MeshCylinder.cpp">
      <Filter>Meshes</Filter>
    </ClCompile>
    <ClCompile Include="Meshes\MeshSphere.cpp">
      <Filter>Meshes</Filter>
    </ClCompile>
    <ClCompile Include="Environment\CubeSky.cpp">
      <Filter>Environment</Filter>
    </ClCompile>
    <ClCompile Include="Renders\Buffers.cpp">
      <Filter>Renders</Filter>
    </ClCompile>
    <ClCompile Include="Renders\Transform.cpp">
      <Filter>Renders</Filter>
    </ClCompile>
    <ClCompile Include="Renders\PerFrame.cpp">
      <Filter>Renders</Filter>
    </ClCompile>
    <ClCompile Include="Renders\Renderer.cpp">
      <Filter>Renders</Filter>
    </ClCompile>
    <ClCompile Include="Model\Model.cpp">
      <Filter>Model</Filter>
    </ClCompile>
    <ClCompile Include="Model\ModelMesh.cpp">
      <Filter>Model</Filter>
    </ClCompile>
    <ClCompile Include="Model\ModelRender.cpp">
      <Filter>Model</Filter>
    </ClCompile>
    <ClCompile Include="Renders\Material.cpp">
      <Filter>Renders</Filter>
    </ClCompile>
    <ClCompile Include="Model\ModelClip.cpp">
      <Filter>Model</Filter>
    </ClCompile>
    <ClCompile Include="Model\ModelAnimator.cpp">
      <Filter>Model</Filter>
    </ClCompile>
    <ClCompile Include="Objects\Render2D.cpp">
      <Filter>Objects</Filter>
    </ClCompile>
    <ClCompile Include="Objects\Collider.cpp" />
    <ClCompile Include="Meshes\MeshRender.cpp">
      <Filter>Meshes</Filter>
    </ClCompile>
  </ItemGroup>
  <ItemGroup>
    <ClInclude Include="Framework.h" />
    <ClInclude Include="Renders\Context.h">
      <Filter>Renders</Filter>
    </ClInclude>
    <ClInclude Include="Renders\Shader.h">
      <Filter>Renders</Filter>
    </ClInclude>
    <ClInclude Include="Renders\Texture.h">
      <Filter>Renders</Filter>
    </ClInclude>
    <ClInclude Include="Systems\D3D.h">
      <Filter>Systems</Filter>
    </ClInclude>
    <ClInclude Include="Systems\Gui.h">
      <Filter>Systems</Filter>
    </ClInclude>
    <ClInclude Include="Systems\IExecute.h">
      <Filter>Systems</Filter>
    </ClInclude>
    <ClInclude Include="Systems\Keyboard.h">
      <Filter>Systems</Filter>
    </ClInclude>
    <ClInclude Include="Systems\Mouse.h">
      <Filter>Systems</Filter>
    </ClInclude>
    <ClInclude Include="Systems\Time.h">
      <Filter>Systems</Filter>
    </ClInclude>
    <ClInclude Include="Systems\Window.h">
      <Filter>Systems</Filter>
    </ClInclude>
    <ClInclude Include="Utilities\BinaryFile.h">
      <Filter>Utilities</Filter>
    </ClInclude>
    <ClInclude Include="Utilities\Math.h">
      <Filter>Utilities</Filter>
    </ClInclude>
    <ClInclude Include="Utilities\Path.h">
      <Filter>Utilities</Filter>
    </ClInclude>
    <ClInclude Include="Utilities\String.h">
      <Filter>Utilities</Filter>
    </ClInclude>
    <ClInclude Include="Utilities\Xml.h">
      <Filter>Utilities</Filter>
    </ClInclude>
    <ClInclude Include="Viewer\Orthographic.h">
      <Filter>Viewer</Filter>
    </ClInclude>
    <ClInclude Include="Viewer\Perspective.h">
      <Filter>Viewer</Filter>
    </ClInclude>
    <ClInclude Include="Viewer\Projection.h">
      <Filter>Viewer</Filter>
    </ClInclude>
    <ClInclude Include="Viewer\Viewport.h">
      <Filter>Viewer</Filter>
    </ClInclude>
    <ClInclude Include="Viewer\Camera.h">
      <Filter>Viewer</Filter>
    </ClInclude>
    <ClInclude Include="Viewer\Freedom.h">
      <Filter>Viewer</Filter>
    </ClInclude>
    <ClInclude Include="Environment\Terrain.h">
      <Filter>Environment</Filter>
    </ClInclude>
    <ClInclude Include="Renders\DebugLine.h">
      <Filter>Renders</Filter>
    </ClInclude>
    <ClInclude Include="resource.h" />
    <ClInclude Include="Meshes\Mesh.h">
      <Filter>Meshes</Filter>
    </ClInclude>
    <ClInclude Include="Meshes\MeshQuad.h">
      <Filter>Meshes</Filter>
    </ClInclude>
    <ClInclude Include="Meshes\MeshPlane.h">
      <Filter>Meshes</Filter>
    </ClInclude>
    <ClInclude Include="Meshes\MeshCube.h">
      <Filter>Meshes</Filter>
    </ClInclude>
    <ClInclude Include="Meshes\MeshCylinder.h">
      <Filter>Meshes</Filter>
    </ClInclude>
    <ClInclude Include="Meshes\MeshSphere.h">
      <Filter>Meshes</Filter>
    </ClInclude>
    <ClInclude Include="Environment\CubeSky.h">
      <Filter>Environment</Filter>
    </ClInclude>
    <ClInclude Include="Renders\Buffers.h">
      <Filter>Renders</Filter>
    </ClInclude>
    <ClInclude Include="Renders\Transform.h">
      <Filter>Renders</Filter>
    </ClInclude>
    <ClInclude Include="Renders\PerFrame.h">
      <Filter>Renders</Filter>
    </ClInclude>
    <ClInclude Include="Renders\Renderer.h">
      <Filter>Renders</Filter>
    </ClInclude>
    <ClInclude Include="Model\Model.h">
      <Filter>Model</Filter>
    </ClInclude>
    <ClInclude Include="Model\ModelMesh.h">
      <Filter>Model</Filter>
    </ClInclude>
    <ClInclude Include="Model\ModelRender.h">
      <Filter>Model</Filter>
    </ClInclude>
    <ClInclude Include="Renders\Material.h">
      <Filter>Renders</Filter>
    </ClInclude>
    <ClInclude Include="Model\ModelClip.h">
      <Filter>Model</Filter>
    </ClInclude>
    <ClInclude Include="Model\ModelAnimator.h">
      <Filter>Model</Filter>
    </ClInclude>
    <ClInclude Include="Objects\Render2D.h">
      <Filter>Objects</Filter>
    </ClInclude>
    <ClInclude Include="Objects\Collider.h">
      <Filter>Objects</Filter>
    </ClInclude>
    <ClInclude Include="Meshes\MeshRender.h">
      <Filter>Meshes</Filter>
    </ClInclude>
  </ItemGroup>
  <ItemGroup>
    <Filter Include="Renders">
      <UniqueIdentifier>{560803af-ae50-47d9-9dc2-d1d24804507b}</UniqueIdentifier>
    </Filter>
    <Filter Include="Systems">
      <UniqueIdentifier>{d17fbfca-c93b-46a9-92f6-22cfa1224491}</UniqueIdentifier>
    </Filter>
    <Filter Include="Utilities">
      <UniqueIdentifier>{fcfff840-ba91-4743-9d92-69eebc8199dd}</UniqueIdentifier>
    </Filter>
    <Filter Include="Viewer">
      <UniqueIdentifier>{1efa4786-1c0e-4144-8f3f-87847e5ec7b4}</UniqueIdentifier>
    </Filter>
    <Filter Include="Environment">
      <UniqueIdentifier>{5051d0eb-d563-41f5-8d87-e71564aadb01}</UniqueIdentifier>
    </Filter>
    <Filter Include="Meshes">
      <UniqueIdentifier>{6e5b4c31-e989-43c1-beb7-b3d16db54106}</UniqueIdentifier>
    </Filter>
    <Filter Include="Objects">
      <UniqueIdentifier>{b0fc75e5-81de-4ad1-8ebf-b1128670da7b}</UniqueIdentifier>
    </Filter>
    <Filter Include="Model">
      <UniqueIdentifier>{64749e35-e977-4883-a6e7-fb64bdfcd256}</UniqueIdentifier>
    </Filter>
  </ItemGroup>
  <ItemGroup>
    <ResourceCompile Include="Framework.rc" />
  </ItemGroup>
</Project>