<?xml version="1.0" encoding="utf-8"?>
<Project ToolsVersion="4.0" xmlns="http://schemas.microsoft.com/developer/msbuild/2003">
  <ItemGroup>
    <ClCompile Include="Main.cpp" />
    <ClCompile Include="stdafx.cpp" />
    <ClCompile Include="Converter.cpp">
      <Filter>Converter</Filter>
    </ClCompile>
  </ItemGroup>
  <ItemGroup>
    <ClInclude Include="Main.h" />
    <ClInclude Include="stdafx.h" />
    <ClInclude Include="Converter.h">
      <Filter>Converter</Filter>
    </ClInclude>
  </ItemGroup>
  <ItemGroup>
    <Filter Include="Converter">
      <UniqueIdentifier>{ca7980de-8ef8-44cd-8207-1ea71cbb8bdb}</UniqueIdentifier>
    </Filter>
  </ItemGroup>
</Project>