<?xml version="1.0" encoding="utf-8"?>
<Project ToolsVersion="4.0" xmlns="http://schemas.microsoft.com/developer/msbuild/2003">
  <ItemGroup>
    <ClCompile Include="Main.cpp" />
    <ClCompile Include="stdafx.cpp" />
    <ClCompile Include="FrameworkDemo.cpp">
      <Filter>Objects</Filter>
    </ClCompile>
    <ClCompile Include="ObbDemo.cpp">
      <Filter>Objects</Filter>
    </ClCompile>
  </ItemGroup>
  <ItemGroup>
    <ClInclude Include="Main.h" />
    <ClInclude Include="stdafx.h" />
    <ClInclude Include="FrameworkDemo.h">
      <Filter>Objects</Filter>
    </ClInclude>
    <ClInclude Include="ObbDemo.h">
      <Filter>Objects</Filter>
    </ClInclude>
  </ItemGroup>
  <ItemGroup>
    <Filter Include="Objects">
      <UniqueIdentifier>{3aea70ad-80e2-4a54-aba4-4957fcff93c5}</UniqueIdentifier>
    </Filter>
  </ItemGroup>
</Project>