<?xml version="1.0" encoding="utf-8"?>
<Project ToolsVersion="4.0" xmlns="http://schemas.microsoft.com/developer/msbuild/2003">
  <ItemGroup>
    <ClCompile Include="Main.cpp" />
    <ClCompile Include="stdafx.cpp" />
    <ClCompile Include="FrameworkDemo.cpp">
      <Filter>Objects</Filter>
    </ClCompile>
    <ClCompile Include="ObbDemo.cpp">
      <Filter>Objects</Filter>
    </ClCompile>
    <ClCompile Include="LightingDemo.cpp">
      <Filter>Lighting</Filter>
    </ClCompile>
    <ClCompile Include="AreaLightingDemo.cpp">
      <Filter>Lighting</Filter>
    </ClCompile>
    <ClCompile Include="BillbaordDemo.cpp">
      <Filter>Objects</Filter>
    </ClCompile>
    <ClCompile Include="WeatherDemo.cpp">
      <Filter>Environment</Filter>
    </ClCompile>
  </ItemGroup>
  <ItemGroup>
    <ClInclude Include="Main.h" />
    <ClInclude Include="stdafx.h" />
    <ClInclude Include="FrameworkDemo.h">
      <Filter>Objects</Filter>
    </ClInclude>
    <ClInclude Include="ObbDemo.h">
      <Filter>Objects</Filter>
    </ClInclude>
    <ClInclude Include="LightingDemo.h">
      <Filter>Lighting</Filter>
    </ClInclude>
    <ClInclude Include="AreaLightingDemo.h">
      <Filter>Lighting</Filter>
    </ClInclude>
    <ClInclude Include="BillbaordDemo.h">
      <Filter>Objects</Filter>
    </ClInclude>
    <ClInclude Include="WeatherDemo.h">
      <Filter>Environment</Filter>
    </ClInclude>
  </ItemGroup>
  <ItemGroup>
    <Filter Include="Objects">
      <UniqueIdentifier>{3aea70ad-80e2-4a54-aba4-4957fcff93c5}</UniqueIdentifier>
    </Filter>
    <Filter Include="Lighting">
      <UniqueIdentifier>{06e528a1-5491-44d4-bd90-64c5b035bc8f}</UniqueIdentifier>
    </Filter>
    <Filter Include="Environment">
      <UniqueIdentifier>{a0767196-c466-4e45-b488-424cc471e43e}</UniqueIdentifier>
    </Filter>
  </ItemGroup>
</Project>